# THIS IS AN AUTOGENERATED FILE. DO NOT EDIT THIS FILE DIRECTLY.
# yarn lockfile v1


is_js@^0.9.0:
  version "0.9.0"
  resolved "https://registry.npmjs.org/is_js/-/is_js-0.9.0.tgz#0ab94540502ba7afa24c856aa985561669e9c52d"

request-ip@^2.0.2:
  version "2.0.2"
  resolved "https://registry.npmjs.org/request-ip/-/request-ip-2.0.2.tgz#deeae6d4af21768497db8cd05fa37143f8f1257e"
  dependencies:
    is_js "^0.9.0"
